// !$*UTF8*$!
{
	archiveVersion = 1;
	classes = {
	};
	objectVersion = 56;
	objects = {

/* Begin PBXBuildFile section */
		3767938B2A6A7A240072260C /* AppDelegate.m in Sources */ = {isa = PBXBuildFile; fileRef = 3767938A2A6A7A240072260C /* AppDelegate.m */; };
		3767938E2A6A7A240072260C /* SceneDelegate.m in Sources */ = {isa = PBXBuildFile; fileRef = 3767938D2A6A7A240072260C /* SceneDelegate.m */; };
		376793912A6A7A240072260C /* ViewController.m in Sources */ = {isa = PBXBuildFile; fileRef = 376793902A6A7A240072260C /* ViewController.m */; };
		376793942A6A7A240072260C /* Main.storyboard in Resources */ = {isa = PBXBuildFile; fileRef = 376793922A6A7A240072260C /* Main.storyboard */; };
		376793962A6A7A260072260C /* Assets.xcassets in Resources */ = {isa = PBXBuildFile; fileRef = 376793952A6A7A260072260C /* Assets.xcassets */; };
		376793992A6A7A260072260C /* LaunchScreen.storyboard in Resources */ = {isa = PBXBuildFile; fileRef = 376793972A6A7A260072260C /* LaunchScreen.storyboard */; };
		3767939C2A6A7A260072260C /* main.m in Sources */ = {isa = PBXBuildFile; fileRef = 3767939B2A6A7A260072260C /* main.m */; };
		376793A62A6A7A600072260C /* NSMutableArray+LSYRemoveElement.m in Sources */ = {isa = PBXBuildFile; fileRef = 376793A32A6A7A600072260C /* NSMutableArray+LSYRemoveElement.m */; };
		376793A72A6A7A600072260C /* Person.m in Sources */ = {isa = PBXBuildFile; fileRef = 376793A42A6A7A600072260C /* Person.m */; };
/* End PBXBuildFile section */

/* Begin PBXFileReference section */
		376793862A6A7A240072260C /* RemoveElementDemo.app */ = {isa = PBXFileReference; explicitFileType = wrapper.application; includeInIndex = 0; path = RemoveElementDemo.app; sourceTree = BUILT_PRODUCTS_DIR; };
		376793892A6A7A240072260C /* AppDelegate.h */ = {isa = PBXFileReference; lastKnownFileType = sourcecode.c.h; path = AppDelegate.h; sourceTree = "<group>"; };
		3767938A2A6A7A240072260C /* AppDelegate.m */ = {isa = PBXFileReference; lastKnownFileType = sourcecode.c.objc; path = AppDelegate.m; sourceTree = "<group>"; };
		3767938C2A6A7A240072260C /* SceneDelegate.h */ = {isa = PBXFileReference; lastKnownFileType = sourcecode.c.h; path = SceneDelegate.h; sourceTree = "<group>"; };
		3767938D2A6A7A240072260C /* SceneDelegate.m */ = {isa = PBXFileReference; lastKnownFileType = sourcecode.c.objc; path = SceneDelegate.m; sourceTree = "<group>"; };
		3767938F2A6A7A240072260C /* ViewController.h */ = {isa = PBXFileReference; lastKnownFileType = sourcecode.c.h; path = ViewController.h; sourceTree = "<group>"; };
		376793902A6A7A240072260C /* ViewController.m */ = {isa = PBXFileReference; lastKnownFileType = sourcecode.c.objc; path = ViewController.m; sourceTree = "<group>"; };
		376793932A6A7A240072260C /* Base */ = {isa = PBXFileReference; lastKnownFileType = file.storyboard; name = Base; path = Base.lproj/Main.storyboard; sourceTree = "<group>"; };
		376793952A6A7A260072260C /* Assets.xcassets */ = {isa = PBXFileReference; lastKnownFileType = folder.assetcatalog; path = Assets.xcassets; sourceTree = "<group>"; };
		376793982A6A7A260072260C /* Base */ = {isa = PBXFileReference; lastKnownFileType = file.storyboard; name = Base; path = Base.lproj/LaunchScreen.storyboard; sourceTree = "<group>"; };
		3767939A2A6A7A260072260C /* Info.plist */ = {isa = PBXFileReference; lastKnownFileType = text.plist.xml; path = Info.plist; sourceTree = "<group>"; };
		3767939B2A6A7A260072260C /* main.m */ = {isa = PBXFileReference; lastKnownFileType = sourcecode.c.objc; path = main.m; sourceTree = "<group>"; };
		376793A22A6A7A600072260C /* NSMutableArray+LSYRemoveElement.h */ = {isa = PBXFileReference; fileEncoding = 4; lastKnownFileType = sourcecode.c.h; path = "NSMutableArray+LSYRemoveElement.h"; sourceTree = "<group>"; };
		376793A32A6A7A600072260C /* NSMutableArray+LSYRemoveElement.m */ = {isa = PBXFileReference; fileEncoding = 4; lastKnownFileType = sourcecode.c.objc; path = "NSMutableArray+LSYRemoveElement.m"; sourceTree = "<group>"; };
		376793A42A6A7A600072260C /* Person.m */ = {isa = PBXFileReference; fileEncoding = 4; lastKnownFileType = sourcecode.c.objc; path = Person.m; sourceTree = "<group>"; };
		376793A52A6A7A600072260C /* Person.h */ = {isa = PBXFileReference; fileEncoding = 4; lastKnownFileType = sourcecode.c.h; path = Person.h; sourceTree = "<group>"; };
/* End PBXFileReference section */

/* Begin PBXFrameworksBuildPhase section */
		376793832A6A7A240072260C /* Frameworks */ = {
			isa = PBXFrameworksBuildPhase;
			buildActionMask = 2147483647;
			files = (
			);
			runOnlyForDeploymentPostprocessing = 0;
		};
/* End PBXFrameworksBuildPhase section */

/* Begin PBXGroup section */
		3767937D2A6A7A240072260C = {
			isa = PBXGroup;
			children = (
				376793882A6A7A240072260C /* RemoveElementDemo */,
				376793872A6A7A240072260C /* Products */,
			);
			sourceTree = "<group>";
		};
		376793872A6A7A240072260C /* Products */ = {
			isa = PBXGroup;
			children = (
				376793862A6A7A240072260C /* RemoveElementDemo.app */,
			);
			name = Products;
			sourceTree = "<group>";
		};
		376793882A6A7A240072260C /* RemoveElementDemo */ = {
			isa = PBXGroup;
			children = (
				376793892A6A7A240072260C /* AppDelegate.h */,
				3767938A2A6A7A240072260C /* AppDelegate.m */,
				3767938C2A6A7A240072260C /* SceneDelegate.h */,
				3767938D2A6A7A240072260C /* SceneDelegate.m */,
				3767938F2A6A7A240072260C /* ViewController.h */,
				376793902A6A7A240072260C /* ViewController.m */,
				376793A22A6A7A600072260C /* NSMutableArray+LSYRemoveElement.h */,
				376793A32A6A7A600072260C /* NSMutableArray+LSYRemoveElement.m */,
				376793A52A6A7A600072260C /* Person.h */,
				376793A42A6A7A600072260C /* Person.m */,
				376793922A6A7A240072260C /* Main.storyboard */,
				376793952A6A7A260072260C /* Assets.xcassets */,
				376793972A6A7A260072260C /* LaunchScreen.storyboard */,
				3767939A2A6A7A260072260C /* Info.plist */,
				3767939B2A6A7A260072260C /* main.m */,
			);
			path = RemoveElementDemo;
			sourceTree = "<group>";
		};
/* End PBXGroup section */

/* Begin PBXNativeTarget section */
		376793852A6A7A240072260C /* RemoveElementDemo */ = {
			isa = PBXNativeTarget;
			buildConfigurationList = 3767939F2A6A7A260072260C /* Build configuration list for PBXNativeTarget "RemoveElementDemo" */;
			buildPhases = (
				376793822A6A7A240072260C /* Sources */,
				376793832A6A7A240072260C /* Frameworks */,
				376793842A6A7A240072260C /* Resources */,
			);
			buildRules = (
			);
			dependencies = (
			);
			name = RemoveElementDemo;
			productName = RemoveElementDemo;
			productReference = 376793862A6A7A240072260C /* RemoveElementDemo.app */;
			productType = "com.apple.product-type.application";
		};
/* End PBXNativeTarget section */

/* Begin PBXProject section */
		3767937E2A6A7A240072260C /* Project object */ = {
			isa = PBXProject;
			attributes = {
				BuildIndependentTargetsInParallel = 1;
				LastUpgradeCheck = 1420;
				TargetAttributes = {
					376793852A6A7A240072260C = {
						CreatedOnToolsVersion = 14.2;
					};
				};
			};
			buildConfigurationList = 376793812A6A7A240072260C /* Build configuration list for PBXProject "RemoveElementDemo" */;
			compatibilityVersion = "Xcode 14.0";
			developmentRegion = en;
			hasScannedForEncodings = 0;
			knownRegions = (
				en,
				Base,
			);
			mainGroup = 3767937D2A6A7A240072260C;
			productRefGroup = 376793872A6A7A240072260C /* Products */;
			projectDirPath = "";
			projectRoot = "";
			targets = (
				376793852A6A7A240072260C /* RemoveElementDemo */,
			);
		};
/* End PBXProject section */

/* Begin PBXResourcesBuildPhase section */
		376793842A6A7A240072260C /* Resources */ = {
			isa = PBXResourcesBuildPhase;
			buildActionMask = 2147483647;
			files = (
				376793992A6A7A260072260C /* LaunchScreen.storyboard in Resources */,
				376793962A6A7A260072260C /* Assets.xcassets in Resources */,
				376793942A6A7A240072260C /* Main.storyboard in Resources */,
			);
			runOnlyForDeploymentPostprocessing = 0;
		};
/* End PBXResourcesBuildPhase section */

/* Begin PBXSourcesBuildPhase section */
		376793822A6A7A240072260C /* Sources */ = {
			isa = PBXSourcesBuildPhase;
			buildActionMask = 2147483647;
			files = (
				376793A72A6A7A600072260C /* Person.m in Sources */,
				376793912A6A7A240072260C /* ViewController.m in Sources */,
				376793A62A6A7A600072260C /* NSMutableArray+LSYRemoveElement.m in Sources */,
				3767938B2A6A7A240072260C /* AppDelegate.m in Sources */,
				3767939C2A6A7A260072260C /* main.m in Sources */,
				3767938E2A6A7A240072260C /* SceneDelegate.m in Sources */,
			);
			runOnlyForDeploymentPostprocessing = 0;
		};
/* End PBXSourcesBuildPhase section */

/* Begin PBXVariantGroup section */
		376793922A6A7A240072260C /* Main.storyboard */ = {
			isa = PBXVariantGroup;
			children = (
				376793932A6A7A240072260C /* Base */,
			);
			name = Main.storyboard;
			sourceTree = "<group>";
		};
		376793972A6A7A260072260C /* LaunchScreen.storyboard */ = {
			isa = PBXVariantGroup;
			children = (
				376793982A6A7A260072260C /* Base */,
			);
			name = LaunchScreen.storyboard;
			sourceTree = "<group>";
		};
/* End PBXVariantGroup section */

/* Begin XCBuildConfiguration section */
		3767939D2A6A7A260072260C /* Debug */ = {
			isa = XCBuildConfiguration;
			buildSettings = {
				ALWAYS_SEARCH_USER_PATHS = NO;
				CLANG_ANALYZER_NONNULL = YES;
				CLANG_ANALYZER_NUMBER_OBJECT_CONVERSION = YES_AGGRESSIVE;
				CLANG_CXX_LANGUAGE_STANDARD = "gnu++20";
				CLANG_ENABLE_MODULES = YES;
				CLANG_ENABLE_OBJC_ARC = YES;
				CLANG_ENABLE_OBJC_WEAK = YES;
				CLANG_WARN_BLOCK_CAPTURE_AUTORELEASING = YES;
				CLANG_WARN_BOOL_CONVERSION = YES;
				CLANG_WARN_COMMA = YES;
				CLANG_WARN_CONSTANT_CONVERSION = YES;
				CLANG_WARN_DEPRECATED_OBJC_IMPLEMENTATIONS = YES;
				CLANG_WARN_DIRECT_OBJC_ISA_USAGE = YES_ERROR;
				CLANG_WARN_DOCUMENTATION_COMMENTS = YES;
				CLANG_WARN_EMPTY_BODY = YES;
				CLANG_WARN_ENUM_CONVERSION = YES;
				CLANG_WARN_INFINITE_RECURSION = YES;
				CLANG_WARN_INT_CONVERSION = YES;
				CLANG_WARN_NON_LITERAL_NULL_CONVERSION = YES;
				CLANG_WARN_OBJC_IMPLICIT_RETAIN_SELF = YES;
				CLANG_WARN_OBJC_LITERAL_CONVERSION = YES;
				CLANG_WARN_OBJC_ROOT_CLASS = YES_ERROR;
				CLANG_WARN_QUOTED_INCLUDE_IN_FRAMEWORK_HEADER = YES;
				CLANG_WARN_RANGE_LOOP_ANALYSIS = YES;
				CLANG_WARN_STRICT_PROTOTYPES = YES;
				CLANG_WARN_SUSPICIOUS_MOVE = YES;
				CLANG_WARN_UNGUARDED_AVAILABILITY = YES_AGGRESSIVE;
				CLANG_WARN_UNREACHABLE_CODE = YES;
				CLANG_WARN__DUPLICATE_METHOD_MATCH = YES;
				COPY_PHASE_STRIP = NO;
				DEBUG_INFORMATION_FORMAT = dwarf;
				ENABLE_STRICT_OBJC_MSGSEND = YES;
				ENABLE_TESTABILITY = YES;
				GCC_C_LANGUAGE_STANDARD = gnu11;
				GCC_DYNAMIC_NO_PIC = NO;
				GCC_NO_COMMON_BLOCKS = YES;
				GCC_OPTIMIZATION_LEVEL = 0;
				GCC_PREPROCESSOR_DEFINITIONS = (
					"DEBUG=1",
					"$(inherited)",
				);
				GCC_WARN_64_TO_32_BIT_CONVERSION = YES;
				GCC_WARN_ABOUT_RETURN_TYPE = YES_ERROR;
				GCC_WARN_UNDECLARED_SELECTOR = YES;
				GCC_WARN_UNINITIALIZED_AUTOS = YES_AGGRESSIVE;
				GCC_WARN_UNUSED_FUNCTION = YES;
				GCC_WARN_UNUSED_VARIABLE = YES;
				IPHONEOS_DEPLOYMENT_TARGET = 16.2;
				MTL_ENABLE_DEBUG_INFO = INCLUDE_SOURCE;
				MTL_FAST_MATH = YES;
				ONLY_ACTIVE_ARCH = YES;
				SDKROOT = iphoneos;
			};
			name = Debug;
		};
		3767939E2A6A7A260072260C /* Release */ = {
			isa = XCBuildConfiguration;
			buildSettings = {
				ALWAYS_SEARCH_USER_PATHS = NO;
				CLANG_ANALYZER_NONNULL = YES;
				CLANG_ANALYZER_NUMBER_OBJECT_CONVERSION = YES_AGGRESSIVE;
				CLANG_CXX_LANGUAGE_STANDARD = "gnu++20";
				CLANG_ENABLE_MODULES = YES;
				CLANG_ENABLE_OBJC_ARC = YES;
				CLANG_ENABLE_OBJC_WEAK = YES;
				CLANG_WARN_BLOCK_CAPTURE_AUTORELEASING = YES;
				CLANG_WARN_BOOL_CONVERSION = YES;
				CLANG_WARN_COMMA = YES;
				CLANG_WARN_CONSTANT_CONVERSION = YES;
				CLANG_WARN_DEPRECATED_OBJC_IMPLEMENTATIONS = YES;
				CLANG_WARN_DIRECT_OBJC_ISA_USAGE = YES_ERROR;
				CLANG_WARN_DOCUMENTATION_COMMENTS = YES;
				CLANG_WARN_EMPTY_BODY = YES;
				CLANG_WARN_ENUM_CONVERSION = YES;
				CLANG_WARN_INFINITE_RECURSION = YES;
				CLANG_WARN_INT_CONVERSION = YES;
				CLANG_WARN_NON_LITERAL_NULL_CONVERSION = YES;
				CLANG_WARN_OBJC_IMPLICIT_RETAIN_SELF = YES;
				CLANG_WARN_OBJC_LITERAL_CONVERSION = YES;
				CLANG_WARN_OBJC_ROOT_CLASS = YES_ERROR;
				CLANG_WARN_QUOTED_INCLUDE_IN_FRAMEWORK_HEADER = YES;
				CLANG_WARN_RANGE_LOOP_ANALYSIS = YES;
				CLANG_WARN_STRICT_PROTOTYPES = YES;
				CLANG_WARN_SUSPICIOUS_MOVE = YES;
				CLANG_WARN_UNGUARDED_AVAILABILITY = YES_AGGRESSIVE;
				CLANG_WARN_UNREACHABLE_CODE = YES;
				CLANG_WARN__DUPLICATE_METHOD_MATCH = YES;
				COPY_PHASE_STRIP = NO;
				DEBUG_INFORMATION_FORMAT = "dwarf-with-dsym";
				ENABLE_NS_ASSERTIONS = NO;
				ENABLE_STRICT_OBJC_MSGSEND = YES;
				GCC_C_LANGUAGE_STANDARD = gnu11;
				GCC_NO_COMMON_BLOCKS = YES;
				GCC_WARN_64_TO_32_BIT_CONVERSION = YES;
				GCC_WARN_ABOUT_RETURN_TYPE = YES_ERROR;
				GCC_WARN_UNDECLARED_SELECTOR = YES;
				GCC_WARN_UNINITIALIZED_AUTOS = YES_AGGRESSIVE;
				GCC_WARN_UNUSED_FUNCTION = YES;
				GCC_WARN_UNUSED_VARIABLE = YES;
				IPHONEOS_DEPLOYMENT_TARGET = 16.2;
				MTL_ENABLE_DEBUG_INFO = NO;
				MTL_FAST_MATH = YES;
				SDKROOT = iphoneos;
				VALIDATE_PRODUCT = YES;
			};
			name = Release;
		};
		376793A02A6A7A260072260C /* Debug */ = {
			isa = XCBuildConfiguration;
			buildSettings = {
				ASSETCATALOG_COMPILER_APPICON_NAME = AppIcon;
				ASSETCATALOG_COMPILER_GLOBAL_ACCENT_COLOR_NAME = AccentColor;
				CODE_SIGN_STYLE = Automatic;
				CURRENT_PROJECT_VERSION = 1;
				GENERATE_INFOPLIST_FILE = YES;
				INFOPLIST_FILE = RemoveElementDemo/Info.plist;
				INFOPLIST_KEY_UIApplicationSupportsIndirectInputEvents = YES;
				INFOPLIST_KEY_UILaunchStoryboardName = LaunchScreen;
				INFOPLIST_KEY_UIMainStoryboardFile = Main;
				INFOPLIST_KEY_UISupportedInterfaceOrientations_iPad = "UIInterfaceOrientationPortrait UIInterfaceOrientationPortraitUpsideDown UIInterfaceOrientationLandscapeLeft UIInterfaceOrientationLandscapeRight";
				INFOPLIST_KEY_UISupportedInterfaceOrientations_iPhone = "UIInterfaceOrientationPortrait UIInterfaceOrientationLandscapeLeft UIInterfaceOrientationLandscapeRight";
				LD_RUNPATH_SEARCH_PATHS = (
					"$(inherited)",
					"@executable_path/Frameworks",
				);
				MARKETING_VERSION = 1.0;
				PRODUCT_BUNDLE_IDENTIFIER = lsy.RemoveElementDemo;
				PRODUCT_NAME = "$(TARGET_NAME)";
				SWIFT_EMIT_LOC_STRINGS = YES;
				TARGETED_DEVICE_FAMILY = "1,2";
			};
			name = Debug;
		};
		376793A12A6A7A260072260C /* Release */ = {
			isa = XCBuildConfiguration;
			buildSettings = {
				ASSETCATALOG_COMPILER_APPICON_NAME = AppIcon;
				ASSETCATALOG_COMPILER_GLOBAL_ACCENT_COLOR_NAME = AccentColor;
				CODE_SIGN_STYLE = Automatic;
				CURRENT_PROJECT_VERSION = 1;
				GENERATE_INFOPLIST_FILE = YES;
				INFOPLIST_FILE = RemoveElementDemo/Info.plist;
				INFOPLIST_KEY_UIApplicationSupportsIndirectInputEvents = YES;
				INFOPLIST_KEY_UILaunchStoryboardName = LaunchScreen;
				INFOPLIST_KEY_UIMainStoryboardFile = Main;
				INFOPLIST_KEY_UISupportedInterfaceOrientations_iPad = "UIInterfaceOrientationPortrait UIInterfaceOrientationPortraitUpsideDown UIInterfaceOrientationLandscapeLeft UIInterfaceOrientationLandscapeRight";
				INFOPLIST_KEY_UISupportedInterfaceOrientations_iPhone = "UIInterfaceOrientationPortrait UIInterfaceOrientationLandscapeLeft UIInterfaceOrientationLandscapeRight";
				LD_RUNPATH_SEARCH_PATHS = (
					"$(inherited)",
					"@executable_path/Frameworks",
				);
				MARKETING_VERSION = 1.0;
				PRODUCT_BUNDLE_IDENTIFIER = lsy.RemoveElementDemo;
				PRODUCT_NAME = "$(TARGET_NAME)";
				SWIFT_EMIT_LOC_STRINGS = YES;
				TARGETED_DEVICE_FAMILY = "1,2";
			};
			name = Release;
		};
/* End XCBuildConfiguration section */

/* Begin XCConfigurationList section */
		376793812A6A7A240072260C /* Build configuration list for PBXProject "RemoveElementDemo" */ = {
			isa = XCConfigurationList;
			buildConfigurations = (
				3767939D2A6A7A260072260C /* Debug */,
				3767939E2A6A7A260072260C /* Release */,
			);
			defaultConfigurationIsVisible = 0;
			defaultConfigurationName = Release;
		};
		3767939F2A6A7A260072260C /* Build configuration list for PBXNativeTarget "RemoveElementDemo" */ = {
			isa = XCConfigurationList;
			buildConfigurations = (
				376793A02A6A7A260072260C /* Debug */,
				376793A12A6A7A260072260C /* Release */,
			);
			defaultConfigurationIsVisible = 0;
			defaultConfigurationName = Release;
		};
/* End XCConfigurationList section */
	};
	rootObject = 3767937E2A6A7A240072260C /* Project object */;
}
